// !$*UTF8*$!
{
	archiveVersion = 1;
	classes = {};
	objectVersion = 56;
	objects = {

/* Begin PBXBuildFile section */
		A10000000000000000000001 /* AppDelegate.swift in Sources */ = {isa = PBXBuildFile; fileRef = A20000000000000000000001 /* AppDelegate.swift */; };
		A10000000000000000000002 /* SceneDelegate.swift in Sources */ = {isa = PBXBuildFile; fileRef = A20000000000000000000002 /* SceneDelegate.swift */; };
		A10000000000000000000003 /* ReaderViewController.swift in Sources */ = {isa = PBXBuildFile; fileRef = A20000000000000000000003 /* ReaderViewController.swift */; };
		A10000000000000000000004 /* DrawingOverlayView.swift in Sources */ = {isa = PBXBuildFile; fileRef = A20000000000000000000004 /* DrawingOverlayView.swift */; };
		A10000000000000000000005 /* Tool.swift in Sources */ = {isa = PBXBuildFile; fileRef = A20000000000000000000005 /* Tool.swift */; };
		A10000000000000000000007 /* HomeViewController.swift in Sources */ = {isa = PBXBuildFile; fileRef = A20000000000000000000009 /* HomeViewController.swift */; };
		A10000000000000000000006 /* Assets.xcassets in Resources */ = {isa = PBXBuildFile; fileRef = A20000000000000000000006 /* Assets.xcassets */; };
/* End PBXBuildFile section */

/* Begin PBXFileReference section */
		A20000000000000000000001 /* AppDelegate.swift */ = {isa = PBXFileReference; lastKnownFileType = sourcecode.swift; path = AppDelegate.swift; sourceTree = "<group>"; };
		A20000000000000000000002 /* SceneDelegate.swift */ = {isa = PBXFileReference; lastKnownFileType = sourcecode.swift; path = SceneDelegate.swift; sourceTree = "<group>"; };
		A20000000000000000000003 /* ReaderViewController.swift */ = {isa = PBXFileReference; lastKnownFileType = sourcecode.swift; path = ReaderViewController.swift; sourceTree = "<group>"; };
		A20000000000000000000004 /* DrawingOverlayView.swift */ = {isa = PBXFileReference; lastKnownFileType = sourcecode.swift; path = DrawingOverlayView.swift; sourceTree = "<group>"; };
		A20000000000000000000005 /* Tool.swift */ = {isa = PBXFileReference; lastKnownFileType = sourcecode.swift; path = Tool.swift; sourceTree = "<group>"; };
		A20000000000000000000006 /* Assets.xcassets */ = {isa = PBXFileReference; lastKnownFileType = folder.assetcatalog; path = Assets.xcassets; sourceTree = "<group>"; };
		A20000000000000000000007 /* Info.plist */ = {isa = PBXFileReference; lastKnownFileType = text.plist.xml; path = Info.plist; sourceTree = "<group>"; };
		A20000000000000000000008 /* PDFReader.app */ = {isa = PBXFileReference; explicitFileType = wrapper.application; includeInIndex = 0; path = PDFReader.app; sourceTree = BUILT_PRODUCTS_DIR; };
		A20000000000000000000009 /* HomeViewController.swift */ = {isa = PBXFileReference; lastKnownFileType = sourcecode.swift; path = HomeViewController.swift; sourceTree = "<group>"; };
/* End PBXFileReference section */

/* Begin PBXFrameworksBuildPhase section */
		A30000000000000000000001 /* Frameworks */ = {
			isa = PBXFrameworksBuildPhase;
			buildActionMask = 2147483647;
			files = ();
			runOnlyForDeploymentPostprocessing = 0;
		};
/* End PBXFrameworksBuildPhase section */

/* Begin PBXGroup section */
		A40000000000000000000001 = {
			isa = PBXGroup;
			children = (
				A40000000000000000000002 /* PDFReader */,
				A40000000000000000000003 /* Products */,
			);
			sourceTree = "<group>";
		};
		A40000000000000000000002 /* PDFReader */ = {
			isa = PBXGroup;
			children = (
				A20000000000000000000001 /* AppDelegate.swift */,
				A20000000000000000000002 /* SceneDelegate.swift */,
				A20000000000000000000003 /* ReaderViewController.swift */,
				A20000000000000000000004 /* DrawingOverlayView.swift */,
				A20000000000000000000005 /* Tool.swift */,
				A20000000000000000000009 /* HomeViewController.swift */,
				A20000000000000000000006 /* Assets.xcassets */,
				A20000000000000000000007 /* Info.plist */,
			);
			path = PDFReader;
			sourceTree = "<group>";
		};
		A40000000000000000000003 /* Products */ = {
			isa = PBXGroup;
			children = (
				A20000000000000000000008 /* PDFReader.app */,
			);
			name = Products;
			sourceTree = "<group>";
		};
/* End PBXGroup section */

/* Begin PBXNativeTarget section */
		A50000000000000000000001 /* PDFReader */ = {
			isa = PBXNativeTarget;
			buildConfigurationList = A90000000000000000000002 /* Build configuration list for PBXNativeTarget "PDFReader" */;
			buildPhases = (
				A60000000000000000000001 /* Sources */,
				A30000000000000000000001 /* Frameworks */,
				A70000000000000000000001 /* Resources */,
			);
			buildRules = ();
			dependencies = ();
			name = PDFReader;
			productName = PDFReader;
			productReference = A20000000000000000000008 /* PDFReader.app */;
			productType = "com.apple.product-type.application";
		};
/* End PBXNativeTarget section */

/* Begin PBXProject section */
		A80000000000000000000001 /* Project object */ = {
			isa = PBXProject;
			attributes = {
				BuildIndependentTargetsInParallel = 1;
				LastSwiftUpdateCheck = 2700;
				LastUpgradeCheck = 2700;
				TargetAttributes = {
					A50000000000000000000001 = { CreatedOnToolsVersion = 27.0; };
				};
			};
			buildConfigurationList = A90000000000000000000001 /* Build configuration list for PBXProject "PDFReader" */;
			compatibilityVersion = "Xcode 14.0";
			developmentRegion = zh_CN;
			hasScannedForEncodings = 0;
			knownRegions = (zh_CN, Base);
			mainGroup = A40000000000000000000001;
			productRefGroup = A40000000000000000000003 /* Products */;
			projectDirPath = "";
			projectRoot = "";
			targets = (A50000000000000000000001 /* PDFReader */);
		};
/* End PBXProject section */

/* Begin PBXResourcesBuildPhase section */
		A70000000000000000000001 /* Resources */ = {
			isa = PBXResourcesBuildPhase;
			buildActionMask = 2147483647;
			files = (A10000000000000000000006 /* Assets.xcassets in Resources */);
			runOnlyForDeploymentPostprocessing = 0;
		};
/* End PBXResourcesBuildPhase section */

/* Begin PBXSourcesBuildPhase section */
		A60000000000000000000001 /* Sources */ = {
			isa = PBXSourcesBuildPhase;
			buildActionMask = 2147483647;
			files = (
				A10000000000000000000001 /* AppDelegate.swift in Sources */,
				A10000000000000000000002 /* SceneDelegate.swift in Sources */,
				A10000000000000000000003 /* ReaderViewController.swift in Sources */,
				A10000000000000000000004 /* DrawingOverlayView.swift in Sources */,
				A10000000000000000000005 /* Tool.swift in Sources */,
				A10000000000000000000007 /* HomeViewController.swift in Sources */,
			);
			runOnlyForDeploymentPostprocessing = 0;
		};
/* End PBXSourcesBuildPhase section */

/* Begin XCBuildConfiguration section */
		AA0000000000000000000001 /* Debug */ = {
			isa = XCBuildConfiguration;
			buildSettings = {
				ALWAYS_SEARCH_USER_PATHS = NO;
				CLANG_ENABLE_MODULES = YES;
				CLANG_ENABLE_OBJC_ARC = YES;
				COPY_PHASE_STRIP = NO;
				DEBUG_INFORMATION_FORMAT = dwarf;
				ENABLE_TESTABILITY = YES;
				GCC_C_LANGUAGE_STANDARD = gnu17;
				GCC_OPTIMIZATION_LEVEL = 0;
				ONLY_ACTIVE_ARCH = YES;
				SWIFT_ACTIVE_COMPILATION_CONDITIONS = DEBUG;
				SWIFT_OPTIMIZATION_LEVEL = "-Onone";
			};
			name = Debug;
		};
		AA0000000000000000000002 /* Release */ = {
			isa = XCBuildConfiguration;
			buildSettings = {
				ALWAYS_SEARCH_USER_PATHS = NO;
				CLANG_ENABLE_MODULES = YES;
				CLANG_ENABLE_OBJC_ARC = YES;
				COPY_PHASE_STRIP = NO;
				DEBUG_INFORMATION_FORMAT = "dwarf-with-dsym";
				ENABLE_NS_ASSERTIONS = NO;
				GCC_C_LANGUAGE_STANDARD = gnu17;
				SWIFT_COMPILATION_MODE = wholemodule;
				SWIFT_OPTIMIZATION_LEVEL = "-O";
			};
			name = Release;
		};
		AA0000000000000000000003 /* Debug */ = {
			isa = XCBuildConfiguration;
			buildSettings = {
				ASSETCATALOG_COMPILER_APPICON_NAME = AppIcon;
				ASSETCATALOG_COMPILER_GLOBAL_ACCENT_COLOR_NAME = AccentColor;
				CODE_SIGN_STYLE = Automatic;
				CURRENT_PROJECT_VERSION = 1;
				DEVELOPMENT_TEAM = "";
				GENERATE_INFOPLIST_FILE = NO;
				INFOPLIST_FILE = PDFReader/Info.plist;
				IPHONEOS_DEPLOYMENT_TARGET = 16.0;
				LD_RUNPATH_SEARCH_PATHS = "$(inherited) @executable_path/Frameworks";
				MARKETING_VERSION = 1.0.0;
				PRODUCT_BUNDLE_IDENTIFIER = com.smallh.pdfreader.ios;
				PRODUCT_NAME = "$(TARGET_NAME)";
				SDKROOT = iphoneos;
				SUPPORTED_PLATFORMS = "iphoneos iphonesimulator";
				SWIFT_EMIT_LOC_STRINGS = YES;
				SWIFT_VERSION = 5.0;
				TARGETED_DEVICE_FAMILY = "1,2";
			};
			name = Debug;
		};
		AA0000000000000000000004 /* Release */ = {
			isa = XCBuildConfiguration;
			buildSettings = {
				ASSETCATALOG_COMPILER_APPICON_NAME = AppIcon;
				ASSETCATALOG_COMPILER_GLOBAL_ACCENT_COLOR_NAME = AccentColor;
				CODE_SIGN_STYLE = Automatic;
				CURRENT_PROJECT_VERSION = 1;
				DEVELOPMENT_TEAM = "";
				GENERATE_INFOPLIST_FILE = NO;
				INFOPLIST_FILE = PDFReader/Info.plist;
				IPHONEOS_DEPLOYMENT_TARGET = 16.0;
				LD_RUNPATH_SEARCH_PATHS = "$(inherited) @executable_path/Frameworks";
				MARKETING_VERSION = 1.0.0;
				PRODUCT_BUNDLE_IDENTIFIER = com.smallh.pdfreader.ios;
				PRODUCT_NAME = "$(TARGET_NAME)";
				SDKROOT = iphoneos;
				SUPPORTED_PLATFORMS = "iphoneos iphonesimulator";
				SWIFT_EMIT_LOC_STRINGS = YES;
				SWIFT_VERSION = 5.0;
				TARGETED_DEVICE_FAMILY = "1,2";
			};
			name = Release;
		};
/* End XCBuildConfiguration section */

/* Begin XCConfigurationList section */
		A90000000000000000000001 /* Build configuration list for PBXProject "PDFReader" */ = {
			isa = XCConfigurationList;
			buildConfigurations = (AA0000000000000000000001, AA0000000000000000000002);
			defaultConfigurationIsVisible = 0;
			defaultConfigurationName = Release;
		};
		A90000000000000000000002 /* Build configuration list for PBXNativeTarget "PDFReader" */ = {
			isa = XCConfigurationList;
			buildConfigurations = (AA0000000000000000000003, AA0000000000000000000004);
			defaultConfigurationIsVisible = 0;
			defaultConfigurationName = Release;
		};
/* End XCConfigurationList section */
	};
	rootObject = A80000000000000000000001 /* Project object */;
}
